
Microsoft Visual Studio Solution File, Format Version 12.00
# Visual Studio Version 17
VisualStudioVersion = 17.0.32126.317
MinimumVisualStudioVersion = 10.0.40219.1
Project("{9A19103F-16F7-4668-BE54-9A1E7A4F7556}") = "DFMS.Database", "DFMS.Backend\Database\DFMS.Database\DFMS.Database.csproj", "{FE8CA4CC-59E4-4B12-A40F-5E7E57F6ADF7}"
EndProject
Project("{9A19103F-16F7-4668-BE54-9A1E7A4F7556}") = "DFMS.Shared", "DFMS.Backend\Shared\DFMS.Shared\DFMS.Shared.csproj", "{8DBE78D4-576A-462E-8B97-EA3EBE7281F1}"
EndProject
Project("{9A19103F-16F7-4668-BE54-9A1E7A4F7556}") = "DFMS.WebApi", "DFMS.Backend\WebApi\DFMS.WebApi\DFMS.WebApi.csproj", "{6F730803-77DB-494D-8F41-77F2E64E6EBF}"
EndProject
Project("{2150E333-8FDC-42A3-9474-1A3956D46DE8}") = "Database", "Database", "{740B79B8-C260-4848-AB6C-D2B6EA0EB545}"
EndProject
Project("{2150E333-8FDC-42A3-9474-1A3956D46DE8}") = "Shared", "Shared", "{9F273A2E-5336-44AE-9340-9597C724220F}"
EndProject
Project("{2150E333-8FDC-42A3-9474-1A3956D46DE8}") = "WebApi", "WebApi", "{332B7E63-A6CF-45FA-9333-92D844375A07}"
EndProject
Project("{9A19103F-16F7-4668-BE54-9A1E7A4F7556}") = "DFMS.WebApi.Authorization", "DFMS.Backend\WebApi\DFMS.WebApi.Authorization\DFMS.WebApi.Authorization.csproj", "{EE8A1E05-581E-4765-A432-D198D297D9B5}"
EndProject
Project("{9A19103F-16F7-4668-BE54-9A1E7A4F7556}") = "DFMS.WebApi.Common", "DFMS.Backend\WebApi\DFMS.WebApi.Common\DFMS.WebApi.Common.csproj", "{88CB9ADE-36B7-4A7E-8C26-C8AA24870815}"
EndProject
Project("{9A19103F-16F7-4668-BE54-9A1E7A4F7556}") = "DFMS.WebApi.Permissions", "DFMS.Backend\WebApi\DFMS.WebApi.Permissions\DFMS.WebApi.Permissions.csproj", "{5E7707DB-77C2-4E7E-B686-A5981D92BE87}"
EndProject
Project("{9A19103F-16F7-4668-BE54-9A1E7A4F7556}") = "DFMS.WebApi.Workspaces", "DFMS.Backend\WebApi\DFMS.WebApi.Workspaces\DFMS.WebApi.Workspaces.csproj", "{6D0F3E08-F270-49A6-8D73-AB6C7D9FBB13}"
EndProject
Global
	GlobalSection(SolutionConfigurationPlatforms) = preSolution
		Debug|Any CPU = Debug|Any CPU
		Release|Any CPU = Release|Any CPU
	EndGlobalSection
	GlobalSection(ProjectConfigurationPlatforms) = postSolution
		{FE8CA4CC-59E4-4B12-A40F-5E7E57F6ADF7}.Debug|Any CPU.ActiveCfg = Debug|Any CPU
		{FE8CA4CC-59E4-4B12-A40F-5E7E57F6ADF7}.Debug|Any CPU.Build.0 = Debug|Any CPU
		{FE8CA4CC-59E4-4B12-A40F-5E7E57F6ADF7}.Release|Any CPU.ActiveCfg = Release|Any CPU
		{FE8CA4CC-59E4-4B12-A40F-5E7E57F6ADF7}.Release|Any CPU.Build.0 = Release|Any CPU
		{8DBE78D4-576A-462E-8B97-EA3EBE7281F1}.Debug|Any CPU.ActiveCfg = Debug|Any CPU
		{8DBE78D4-576A-462E-8B97-EA3EBE7281F1}.Debug|Any CPU.Build.0 = Debug|Any CPU
		{8DBE78D4-576A-462E-8B97-EA3EBE7281F1}.Release|Any CPU.ActiveCfg = Release|Any CPU
		{8DBE78D4-576A-462E-8B97-EA3EBE7281F1}.Release|Any CPU.Build.0 = Release|Any CPU
		{6F730803-77DB-494D-8F41-77F2E64E6EBF}.Debug|Any CPU.ActiveCfg = Debug|Any CPU
		{6F730803-77DB-494D-8F41-77F2E64E6EBF}.Debug|Any CPU.Build.0 = Debug|Any CPU
		{6F730803-77DB-494D-8F41-77F2E64E6EBF}.Release|Any CPU.ActiveCfg = Release|Any CPU
		{6F730803-77DB-494D-8F41-77F2E64E6EBF}.Release|Any CPU.Build.0 = Release|Any CPU
		{EE8A1E05-581E-4765-A432-D198D297D9B5}.Debug|Any CPU.ActiveCfg = Debug|Any CPU
		{EE8A1E05-581E-4765-A432-D198D297D9B5}.Debug|Any CPU.Build.0 = Debug|Any CPU
		{EE8A1E05-581E-4765-A432-D198D297D9B5}.Release|Any CPU.ActiveCfg = Release|Any CPU
		{EE8A1E05-581E-4765-A432-D198D297D9B5}.Release|Any CPU.Build.0 = Release|Any CPU
		{88CB9ADE-36B7-4A7E-8C26-C8AA24870815}.Debug|Any CPU.ActiveCfg = Debug|Any CPU
		{88CB9ADE-36B7-4A7E-8C26-C8AA24870815}.Debug|Any CPU.Build.0 = Debug|Any CPU
		{88CB9ADE-36B7-4A7E-8C26-C8AA24870815}.Release|Any CPU.ActiveCfg = Release|Any CPU
		{88CB9ADE-36B7-4A7E-8C26-C8AA24870815}.Release|Any CPU.Build.0 = Release|Any CPU
		{5E7707DB-77C2-4E7E-B686-A5981D92BE87}.Debug|Any CPU.ActiveCfg = Debug|Any CPU
		{5E7707DB-77C2-4E7E-B686-A5981D92BE87}.Debug|Any CPU.Build.0 = Debug|Any CPU
		{5E7707DB-77C2-4E7E-B686-A5981D92BE87}.Release|Any CPU.ActiveCfg = Release|Any CPU
		{5E7707DB-77C2-4E7E-B686-A5981D92BE87}.Release|Any CPU.Build.0 = Release|Any CPU
		{6D0F3E08-F270-49A6-8D73-AB6C7D9FBB13}.Debug|Any CPU.ActiveCfg = Debug|Any CPU
		{6D0F3E08-F270-49A6-8D73-AB6C7D9FBB13}.Debug|Any CPU.Build.0 = Debug|Any CPU
		{6D0F3E08-F270-49A6-8D73-AB6C7D9FBB13}.Release|Any CPU.ActiveCfg = Release|Any CPU
		{6D0F3E08-F270-49A6-8D73-AB6C7D9FBB13}.Release|Any CPU.Build.0 = Release|Any CPU
	EndGlobalSection
	GlobalSection(SolutionProperties) = preSolution
		HideSolutionNode = FALSE
	EndGlobalSection
	GlobalSection(NestedProjects) = preSolution
		{FE8CA4CC-59E4-4B12-A40F-5E7E57F6ADF7} = {740B79B8-C260-4848-AB6C-D2B6EA0EB545}
		{8DBE78D4-576A-462E-8B97-EA3EBE7281F1} = {9F273A2E-5336-44AE-9340-9597C724220F}
		{6F730803-77DB-494D-8F41-77F2E64E6EBF} = {332B7E63-A6CF-45FA-9333-92D844375A07}
		{EE8A1E05-581E-4765-A432-D198D297D9B5} = {332B7E63-A6CF-45FA-9333-92D844375A07}
		{88CB9ADE-36B7-4A7E-8C26-C8AA24870815} = {332B7E63-A6CF-45FA-9333-92D844375A07}
		{5E7707DB-77C2-4E7E-B686-A5981D92BE87} = {332B7E63-A6CF-45FA-9333-92D844375A07}
		{6D0F3E08-F270-49A6-8D73-AB6C7D9FBB13} = {332B7E63-A6CF-45FA-9333-92D844375A07}
	EndGlobalSection
	GlobalSection(ExtensibilityGlobals) = postSolution
		SolutionGuid = {ABFFDBF6-88BC-4FFF-BFF7-6702C339A098}
	EndGlobalSection
EndGlobal
